// !$*UTF8*$!
{
	archiveVersion = 1;
	classes = {
	};
	objectVersion = 56;
	objects = {

/* Begin PBXBuildFile section */
		8F07332D2B0E0B74009D93BC /* EditShowView.swift in Sources */ = {isa = PBXBuildFile; fileRef = 8F07332C2B0E0B74009D93BC /* EditShowView.swift */; };
		8F3FF0562B0CA8E50029D150 /* ShowDetailsView.swift in Sources */ = {isa = PBXBuildFile; fileRef = 8F3FF0552B0CA8E50029D150 /* ShowDetailsView.swift */; };
		8F3FF0582B0CB7850029D150 /* SearchBarView.swift in Sources */ = {isa = PBXBuildFile; fileRef = 8F3FF0572B0CB7850029D150 /* SearchBarView.swift */; };
		8F3FF05C2B0CFB350029D150 /* ShowDataManager.swift in Sources */ = {isa = PBXBuildFile; fileRef = 8F3FF05B2B0CFB350029D150 /* ShowDataManager.swift */; };
		8F75E7AF2B0BA8B200BA726D /* NewShowView.swift in Sources */ = {isa = PBXBuildFile; fileRef = 8F75E7AE2B0BA8B200BA726D /* NewShowView.swift */; };
		8F75E7B12B0BB2BE00BA726D /* Show.swift in Sources */ = {isa = PBXBuildFile; fileRef = 8F75E7B02B0BB2BE00BA726D /* Show.swift */; };
		8FA859B42B0B6C020040F988 /* ProjectA4SwiftApp.swift in Sources */ = {isa = PBXBuildFile; fileRef = 8FA859B32B0B6C020040F988 /* ProjectA4SwiftApp.swift */; };
		8FA859B62B0B6C020040F988 /* ContentView.swift in Sources */ = {isa = PBXBuildFile; fileRef = 8FA859B52B0B6C020040F988 /* ContentView.swift */; };
		8FA859B82B0B6C030040F988 /* Assets.xcassets in Resources */ = {isa = PBXBuildFile; fileRef = 8FA859B72B0B6C030040F988 /* Assets.xcassets */; };
		8FA859BB2B0B6C030040F988 /* Preview Assets.xcassets in Resources */ = {isa = PBXBuildFile; fileRef = 8FA859BA2B0B6C030040F988 /* Preview Assets.xcassets */; };
		8FE4DDAA2B0E398F00559C3F /* NameUpdate.swift in Sources */ = {isa = PBXBuildFile; fileRef = 8FE4DDA92B0E398F00559C3F /* NameUpdate.swift */; };
/* End PBXBuildFile section */

/* Begin PBXFileReference section */
		8F07332C2B0E0B74009D93BC /* EditShowView.swift */ = {isa = PBXFileReference; lastKnownFileType = sourcecode.swift; path = EditShowView.swift; sourceTree = "<group>"; };
		8F3FF0552B0CA8E50029D150 /* ShowDetailsView.swift */ = {isa = PBXFileReference; lastKnownFileType = sourcecode.swift; path = ShowDetailsView.swift; sourceTree = "<group>"; };
		8F3FF0572B0CB7850029D150 /* SearchBarView.swift */ = {isa = PBXFileReference; lastKnownFileType = sourcecode.swift; path = SearchBarView.swift; sourceTree = "<group>"; };
		8F3FF05B2B0CFB350029D150 /* ShowDataManager.swift */ = {isa = PBXFileReference; lastKnownFileType = sourcecode.swift; path = ShowDataManager.swift; sourceTree = "<group>"; };
		8F75E7AE2B0BA8B200BA726D /* NewShowView.swift */ = {isa = PBXFileReference; lastKnownFileType = sourcecode.swift; path = NewShowView.swift; sourceTree = "<group>"; };
		8F75E7B02B0BB2BE00BA726D /* Show.swift */ = {isa = PBXFileReference; lastKnownFileType = sourcecode.swift; path = Show.swift; sourceTree = "<group>"; };
		8FA859B02B0B6C020040F988 /* ProjectA4Swift.app */ = {isa = PBXFileReference; explicitFileType = wrapper.application; includeInIndex = 0; path = ProjectA4Swift.app; sourceTree = BUILT_PRODUCTS_DIR; };
		8FA859B32B0B6C020040F988 /* ProjectA4SwiftApp.swift */ = {isa = PBXFileReference; lastKnownFileType = sourcecode.swift; path = ProjectA4SwiftApp.swift; sourceTree = "<group>"; };
		8FA859B52B0B6C020040F988 /* ContentView.swift */ = {isa = PBXFileReference; lastKnownFileType = sourcecode.swift; path = ContentView.swift; sourceTree = "<group>"; };
		8FA859B72B0B6C030040F988 /* Assets.xcassets */ = {isa = PBXFileReference; lastKnownFileType = folder.assetcatalog; path = Assets.xcassets; sourceTree = "<group>"; };
		8FA859BA2B0B6C030040F988 /* Preview Assets.xcassets */ = {isa = PBXFileReference; lastKnownFileType = folder.assetcatalog; path = "Preview Assets.xcassets"; sourceTree = "<group>"; };
		8FE4DDA92B0E398F00559C3F /* NameUpdate.swift */ = {isa = PBXFileReference; lastKnownFileType = sourcecode.swift; path = NameUpdate.swift; sourceTree = "<group>"; };
/* End PBXFileReference section */

/* Begin PBXFrameworksBuildPhase section */
		8FA859AD2B0B6C020040F988 /* Frameworks */ = {
			isa = PBXFrameworksBuildPhase;
			buildActionMask = 2147483647;
			files = (
			);
			runOnlyForDeploymentPostprocessing = 0;
		};
/* End PBXFrameworksBuildPhase section */

/* Begin PBXGroup section */
		8F07332E2B0E0B7A009D93BC /* Show */ = {
			isa = PBXGroup;
			children = (
				8F75E7AE2B0BA8B200BA726D /* NewShowView.swift */,
				8F07332C2B0E0B74009D93BC /* EditShowView.swift */,
				8F3FF0552B0CA8E50029D150 /* ShowDetailsView.swift */,
			);
			path = Show;
			sourceTree = "<group>";
		};
		8F07332F2B0E0B88009D93BC /* Components */ = {
			isa = PBXGroup;
			children = (
				8FE4DDA92B0E398F00559C3F /* NameUpdate.swift */,
				8F3FF0572B0CB7850029D150 /* SearchBarView.swift */,
			);
			path = Components;
			sourceTree = "<group>";
		};
		8F374CE22B0CA2E700DA5C3A /* Models */ = {
			isa = PBXGroup;
			children = (
				8F75E7B02B0BB2BE00BA726D /* Show.swift */,
			);
			path = Models;
			sourceTree = "<group>";
		};
		8F374CE32B0CA2F200DA5C3A /* ViewModels */ = {
			isa = PBXGroup;
			children = (
				8F3FF05B2B0CFB350029D150 /* ShowDataManager.swift */,
			);
			path = ViewModels;
			sourceTree = "<group>";
		};
		8F374CE42B0CA30100DA5C3A /* Views */ = {
			isa = PBXGroup;
			children = (
				8F07332F2B0E0B88009D93BC /* Components */,
				8F07332E2B0E0B7A009D93BC /* Show */,
				8FA859B52B0B6C020040F988 /* ContentView.swift */,
			);
			path = Views;
			sourceTree = "<group>";
		};
		8FA859A72B0B6C020040F988 = {
			isa = PBXGroup;
			children = (
				8FA859B22B0B6C020040F988 /* ProjectA4Swift */,
				8FA859B12B0B6C020040F988 /* Products */,
			);
			sourceTree = "<group>";
		};
		8FA859B12B0B6C020040F988 /* Products */ = {
			isa = PBXGroup;
			children = (
				8FA859B02B0B6C020040F988 /* ProjectA4Swift.app */,
			);
			name = Products;
			sourceTree = "<group>";
		};
		8FA859B22B0B6C020040F988 /* ProjectA4Swift */ = {
			isa = PBXGroup;
			children = (
				8F374CE42B0CA30100DA5C3A /* Views */,
				8F374CE32B0CA2F200DA5C3A /* ViewModels */,
				8F374CE22B0CA2E700DA5C3A /* Models */,
				8FA859B32B0B6C020040F988 /* ProjectA4SwiftApp.swift */,
				8FA859B72B0B6C030040F988 /* Assets.xcassets */,
				8FA859B92B0B6C030040F988 /* Preview Content */,
			);
			path = ProjectA4Swift;
			sourceTree = "<group>";
		};
		8FA859B92B0B6C030040F988 /* Preview Content */ = {
			isa = PBXGroup;
			children = (
				8FA859BA2B0B6C030040F988 /* Preview Assets.xcassets */,
			);
			path = "Preview Content";
			sourceTree = "<group>";
		};
/* End PBXGroup section */

/* Begin PBXNativeTarget section */
		8FA859AF2B0B6C020040F988 /* ProjectA4Swift */ = {
			isa = PBXNativeTarget;
			buildConfigurationList = 8FA859BE2B0B6C030040F988 /* Build configuration list for PBXNativeTarget "ProjectA4Swift" */;
			buildPhases = (
				8FA859AC2B0B6C020040F988 /* Sources */,
				8FA859AD2B0B6C020040F988 /* Frameworks */,
				8FA859AE2B0B6C020040F988 /* Resources */,
			);
			buildRules = (
			);
			dependencies = (
			);
			name = ProjectA4Swift;
			productName = ProjectA4Swift;
			productReference = 8FA859B02B0B6C020040F988 /* ProjectA4Swift.app */;
			productType = "com.apple.product-type.application";
		};
/* End PBXNativeTarget section */

/* Begin PBXProject section */
		8FA859A82B0B6C020040F988 /* Project object */ = {
			isa = PBXProject;
			attributes = {
				BuildIndependentTargetsInParallel = 1;
				LastSwiftUpdateCheck = 1500;
				LastUpgradeCheck = 1500;
				TargetAttributes = {
					8FA859AF2B0B6C020040F988 = {
						CreatedOnToolsVersion = 15.0.1;
					};
				};
			};
			buildConfigurationList = 8FA859AB2B0B6C020040F988 /* Build configuration list for PBXProject "ProjectA4Swift" */;
			compatibilityVersion = "Xcode 14.0";
			developmentRegion = en;
			hasScannedForEncodings = 0;
			knownRegions = (
				en,
				Base,
			);
			mainGroup = 8FA859A72B0B6C020040F988;
			productRefGroup = 8FA859B12B0B6C020040F988 /* Products */;
			projectDirPath = "";
			projectRoot = "";
			targets = (
				8FA859AF2B0B6C020040F988 /* ProjectA4Swift */,
			);
		};
/* End PBXProject section */

/* Begin PBXResourcesBuildPhase section */
		8FA859AE2B0B6C020040F988 /* Resources */ = {
			isa = PBXResourcesBuildPhase;
			buildActionMask = 2147483647;
			files = (
				8FA859BB2B0B6C030040F988 /* Preview Assets.xcassets in Resources */,
				8FA859B82B0B6C030040F988 /* Assets.xcassets in Resources */,
			);
			runOnlyForDeploymentPostprocessing = 0;
		};
/* End PBXResourcesBuildPhase section */

/* Begin PBXSourcesBuildPhase section */
		8FA859AC2B0B6C020040F988 /* Sources */ = {
			isa = PBXSourcesBuildPhase;
			buildActionMask = 2147483647;
			files = (
				8F3FF05C2B0CFB350029D150 /* ShowDataManager.swift in Sources */,
				8F75E7AF2B0BA8B200BA726D /* NewShowView.swift in Sources */,
				8FA859B62B0B6C020040F988 /* ContentView.swift in Sources */,
				8F07332D2B0E0B74009D93BC /* EditShowView.swift in Sources */,
				8F3FF0562B0CA8E50029D150 /* ShowDetailsView.swift in Sources */,
				8F75E7B12B0BB2BE00BA726D /* Show.swift in Sources */,
				8F3FF0582B0CB7850029D150 /* SearchBarView.swift in Sources */,
				8FA859B42B0B6C020040F988 /* ProjectA4SwiftApp.swift in Sources */,
				8FE4DDAA2B0E398F00559C3F /* NameUpdate.swift in Sources */,
			);
			runOnlyForDeploymentPostprocessing = 0;
		};
/* End PBXSourcesBuildPhase section */

/* Begin XCBuildConfiguration section */
		8FA859BC2B0B6C030040F988 /* Debug */ = {
			isa = XCBuildConfiguration;
			buildSettings = {
				ALWAYS_SEARCH_USER_PATHS = NO;
				ASSETCATALOG_COMPILER_GENERATE_SWIFT_ASSET_SYMBOL_EXTENSIONS = YES;
				CLANG_ANALYZER_NONNULL = YES;
				CLANG_ANALYZER_NUMBER_OBJECT_CONVERSION = YES_AGGRESSIVE;
				CLANG_CXX_LANGUAGE_STANDARD = "gnu++20";
				CLANG_ENABLE_MODULES = YES;
				CLANG_ENABLE_OBJC_ARC = YES;
				CLANG_ENABLE_OBJC_WEAK = YES;
				CLANG_WARN_BLOCK_CAPTURE_AUTORELEASING = YES;
				CLANG_WARN_BOOL_CONVERSION = YES;
				CLANG_WARN_COMMA = YES;
				CLANG_WARN_CONSTANT_CONVERSION = YES;
				CLANG_WARN_DEPRECATED_OBJC_IMPLEMENTATIONS = YES;
				CLANG_WARN_DIRECT_OBJC_ISA_USAGE = YES_ERROR;
				CLANG_WARN_DOCUMENTATION_COMMENTS = YES;
				CLANG_WARN_EMPTY_BODY = YES;
				CLANG_WARN_ENUM_CONVERSION = YES;
				CLANG_WARN_INFINITE_RECURSION = YES;
				CLANG_WARN_INT_CONVERSION = YES;
				CLANG_WARN_NON_LITERAL_NULL_CONVERSION = YES;
				CLANG_WARN_OBJC_IMPLICIT_RETAIN_SELF = YES;
				CLANG_WARN_OBJC_LITERAL_CONVERSION = YES;
				CLANG_WARN_OBJC_ROOT_CLASS = YES_ERROR;
				CLANG_WARN_QUOTED_INCLUDE_IN_FRAMEWORK_HEADER = YES;
				CLANG_WARN_RANGE_LOOP_ANALYSIS = YES;
				CLANG_WARN_STRICT_PROTOTYPES = YES;
				CLANG_WARN_SUSPICIOUS_MOVE = YES;
				CLANG_WARN_UNGUARDED_AVAILABILITY = YES_AGGRESSIVE;
				CLANG_WARN_UNREACHABLE_CODE = YES;
				CLANG_WARN__DUPLICATE_METHOD_MATCH = YES;
				COPY_PHASE_STRIP = NO;
				DEBUG_INFORMATION_FORMAT = dwarf;
				ENABLE_STRICT_OBJC_MSGSEND = YES;
				ENABLE_TESTABILITY = YES;
				ENABLE_USER_SCRIPT_SANDBOXING = YES;
				GCC_C_LANGUAGE_STANDARD = gnu17;
				GCC_DYNAMIC_NO_PIC = NO;
				GCC_NO_COMMON_BLOCKS = YES;
				GCC_OPTIMIZATION_LEVEL = 0;
				GCC_PREPROCESSOR_DEFINITIONS = (
					"DEBUG=1",
					"$(inherited)",
				);
				GCC_WARN_64_TO_32_BIT_CONVERSION = YES;
				GCC_WARN_ABOUT_RETURN_TYPE = YES_ERROR;
				GCC_WARN_UNDECLARED_SELECTOR = YES;
				GCC_WARN_UNINITIALIZED_AUTOS = YES_AGGRESSIVE;
				GCC_WARN_UNUSED_FUNCTION = YES;
				GCC_WARN_UNUSED_VARIABLE = YES;
				IPHONEOS_DEPLOYMENT_TARGET = 17.0;
				LOCALIZATION_PREFERS_STRING_CATALOGS = YES;
				MTL_ENABLE_DEBUG_INFO = INCLUDE_SOURCE;
				MTL_FAST_MATH = YES;
				ONLY_ACTIVE_ARCH = YES;
				SDKROOT = iphoneos;
				SWIFT_ACTIVE_COMPILATION_CONDITIONS = "DEBUG $(inherited)";
				SWIFT_OPTIMIZATION_LEVEL = "-Onone";
			};
			name = Debug;
		};
		8FA859BD2B0B6C030040F988 /* Release */ = {
			isa = XCBuildConfiguration;
			buildSettings = {
				ALWAYS_SEARCH_USER_PATHS = NO;
				ASSETCATALOG_COMPILER_GENERATE_SWIFT_ASSET_SYMBOL_EXTENSIONS = YES;
				CLANG_ANALYZER_NONNULL = YES;
				CLANG_ANALYZER_NUMBER_OBJECT_CONVERSION = YES_AGGRESSIVE;
				CLANG_CXX_LANGUAGE_STANDARD = "gnu++20";
				CLANG_ENABLE_MODULES = YES;
				CLANG_ENABLE_OBJC_ARC = YES;
				CLANG_ENABLE_OBJC_WEAK = YES;
				CLANG_WARN_BLOCK_CAPTURE_AUTORELEASING = YES;
				CLANG_WARN_BOOL_CONVERSION = YES;
				CLANG_WARN_COMMA = YES;
				CLANG_WARN_CONSTANT_CONVERSION = YES;
				CLANG_WARN_DEPRECATED_OBJC_IMPLEMENTATIONS = YES;
				CLANG_WARN_DIRECT_OBJC_ISA_USAGE = YES_ERROR;
				CLANG_WARN_DOCUMENTATION_COMMENTS = YES;
				CLANG_WARN_EMPTY_BODY = YES;
				CLANG_WARN_ENUM_CONVERSION = YES;
				CLANG_WARN_INFINITE_RECURSION = YES;
				CLANG_WARN_INT_CONVERSION = YES;
				CLANG_WARN_NON_LITERAL_NULL_CONVERSION = YES;
				CLANG_WARN_OBJC_IMPLICIT_RETAIN_SELF = YES;
				CLANG_WARN_OBJC_LITERAL_CONVERSION = YES;
				CLANG_WARN_OBJC_ROOT_CLASS = YES_ERROR;
				CLANG_WARN_QUOTED_INCLUDE_IN_FRAMEWORK_HEADER = YES;
				CLANG_WARN_RANGE_LOOP_ANALYSIS = YES;
				CLANG_WARN_STRICT_PROTOTYPES = YES;
				CLANG_WARN_SUSPICIOUS_MOVE = YES;
				CLANG_WARN_UNGUARDED_AVAILABILITY = YES_AGGRESSIVE;
				CLANG_WARN_UNREACHABLE_CODE = YES;
				CLANG_WARN__DUPLICATE_METHOD_MATCH = YES;
				COPY_PHASE_STRIP = NO;
				DEBUG_INFORMATION_FORMAT = "dwarf-with-dsym";
				ENABLE_NS_ASSERTIONS = NO;
				ENABLE_STRICT_OBJC_MSGSEND = YES;
				ENABLE_USER_SCRIPT_SANDBOXING = YES;
				GCC_C_LANGUAGE_STANDARD = gnu17;
				GCC_NO_COMMON_BLOCKS = YES;
				GCC_WARN_64_TO_32_BIT_CONVERSION = YES;
				GCC_WARN_ABOUT_RETURN_TYPE = YES_ERROR;
				GCC_WARN_UNDECLARED_SELECTOR = YES;
				GCC_WARN_UNINITIALIZED_AUTOS = YES_AGGRESSIVE;
				GCC_WARN_UNUSED_FUNCTION = YES;
				GCC_WARN_UNUSED_VARIABLE = YES;
				IPHONEOS_DEPLOYMENT_TARGET = 17.0;
				LOCALIZATION_PREFERS_STRING_CATALOGS = YES;
				MTL_ENABLE_DEBUG_INFO = NO;
				MTL_FAST_MATH = YES;
				SDKROOT = iphoneos;
				SWIFT_COMPILATION_MODE = wholemodule;
				VALIDATE_PRODUCT = YES;
			};
			name = Release;
		};
		8FA859BF2B0B6C030040F988 /* Debug */ = {
			isa = XCBuildConfiguration;
			buildSettings = {
				ASSETCATALOG_COMPILER_APPICON_NAME = AppIcon;
				ASSETCATALOG_COMPILER_GLOBAL_ACCENT_COLOR_NAME = AccentColor;
				CODE_SIGN_STYLE = Automatic;
				CURRENT_PROJECT_VERSION = 1;
				DEVELOPMENT_ASSET_PATHS = "\"ProjectA4Swift/Preview Content\"";
				ENABLE_PREVIEWS = YES;
				GENERATE_INFOPLIST_FILE = YES;
				INFOPLIST_KEY_UIApplicationSceneManifest_Generation = YES;
				INFOPLIST_KEY_UIApplicationSupportsIndirectInputEvents = YES;
				INFOPLIST_KEY_UILaunchScreen_Generation = YES;
				INFOPLIST_KEY_UISupportedInterfaceOrientations_iPad = "UIInterfaceOrientationPortrait UIInterfaceOrientationPortraitUpsideDown UIInterfaceOrientationLandscapeLeft UIInterfaceOrientationLandscapeRight";
				INFOPLIST_KEY_UISupportedInterfaceOrientations_iPhone = "UIInterfaceOrientationPortrait UIInterfaceOrientationLandscapeLeft UIInterfaceOrientationLandscapeRight";
				LD_RUNPATH_SEARCH_PATHS = (
					"$(inherited)",
					"@executable_path/Frameworks",
				);
				MARKETING_VERSION = 1.0;
				PRODUCT_BUNDLE_IDENTIFIER = soren.ProjectA4Swift;
				PRODUCT_NAME = "$(TARGET_NAME)";
				SWIFT_EMIT_LOC_STRINGS = YES;
				SWIFT_VERSION = 5.0;
				TARGETED_DEVICE_FAMILY = "1,2";
			};
			name = Debug;
		};
		8FA859C02B0B6C030040F988 /* Release */ = {
			isa = XCBuildConfiguration;
			buildSettings = {
				ASSETCATALOG_COMPILER_APPICON_NAME = AppIcon;
				ASSETCATALOG_COMPILER_GLOBAL_ACCENT_COLOR_NAME = AccentColor;
				CODE_SIGN_STYLE = Automatic;
				CURRENT_PROJECT_VERSION = 1;
				DEVELOPMENT_ASSET_PATHS = "\"ProjectA4Swift/Preview Content\"";
				ENABLE_PREVIEWS = YES;
				GENERATE_INFOPLIST_FILE = YES;
				INFOPLIST_KEY_UIApplicationSceneManifest_Generation = YES;
				INFOPLIST_KEY_UIApplicationSupportsIndirectInputEvents = YES;
				INFOPLIST_KEY_UILaunchScreen_Generation = YES;
				INFOPLIST_KEY_UISupportedInterfaceOrientations_iPad = "UIInterfaceOrientationPortrait UIInterfaceOrientationPortraitUpsideDown UIInterfaceOrientationLandscapeLeft UIInterfaceOrientationLandscapeRight";
				INFOPLIST_KEY_UISupportedInterfaceOrientations_iPhone = "UIInterfaceOrientationPortrait UIInterfaceOrientationLandscapeLeft UIInterfaceOrientationLandscapeRight";
				LD_RUNPATH_SEARCH_PATHS = (
					"$(inherited)",
					"@executable_path/Frameworks",
				);
				MARKETING_VERSION = 1.0;
				PRODUCT_BUNDLE_IDENTIFIER = soren.ProjectA4Swift;
				PRODUCT_NAME = "$(TARGET_NAME)";
				SWIFT_EMIT_LOC_STRINGS = YES;
				SWIFT_VERSION = 5.0;
				TARGETED_DEVICE_FAMILY = "1,2";
			};
			name = Release;
		};
/* End XCBuildConfiguration section */

/* Begin XCConfigurationList section */
		8FA859AB2B0B6C020040F988 /* Build configuration list for PBXProject "ProjectA4Swift" */ = {
			isa = XCConfigurationList;
			buildConfigurations = (
				8FA859BC2B0B6C030040F988 /* Debug */,
				8FA859BD2B0B6C030040F988 /* Release */,
			);
			defaultConfigurationIsVisible = 0;
			defaultConfigurationName = Release;
		};
		8FA859BE2B0B6C030040F988 /* Build configuration list for PBXNativeTarget "ProjectA4Swift" */ = {
			isa = XCConfigurationList;
			buildConfigurations = (
				8FA859BF2B0B6C030040F988 /* Debug */,
				8FA859C02B0B6C030040F988 /* Release */,
			);
			defaultConfigurationIsVisible = 0;
			defaultConfigurationName = Release;
		};
/* End XCConfigurationList section */
	};
	rootObject = 8FA859A82B0B6C020040F988 /* Project object */;
}
